
Microsoft Visual Studio Solution File, Format Version 12.00
# Visual Studio 14
VisualStudioVersion = 14.0.23107.0
MinimumVisualStudioVersion = 10.0.40219.1
Project("{F2A71F9B-5D33-465A-A702-920D77279786}") = "ProtoTypeProvider", "ProtoTypeProvider\ProtoTypeProvider.fsproj", "{23AFE2AC-9347-49AC-AC77-EA19F3962892}"
EndProject
Project("{F2A71F9B-5D33-465A-A702-920D77279786}") = "Ontomotor", "Ontomotor\Ontomotor.fsproj", "{8158283F-815D-4AE6-9D4E-BBC4809DC6DB}"
EndProject
Project("{F2A71F9B-5D33-465A-A702-920D77279786}") = "Test", "Test\Test.fsproj", "{1AC9FBB9-3831-4FB5-9DB6-23E59B9DC335}"
EndProject
Global
	GlobalSection(SolutionConfigurationPlatforms) = preSolution
		Debug|Any CPU = Debug|Any CPU
		Release|Any CPU = Release|Any CPU
	EndGlobalSection
	GlobalSection(ProjectConfigurationPlatforms) = postSolution
		{23AFE2AC-9347-49AC-AC77-EA19F3962892}.Debug|Any CPU.ActiveCfg = Debug|Any CPU
		{23AFE2AC-9347-49AC-AC77-EA19F3962892}.Debug|Any CPU.Build.0 = Debug|Any CPU
		{23AFE2AC-9347-49AC-AC77-EA19F3962892}.Release|Any CPU.ActiveCfg = Release|Any CPU
		{23AFE2AC-9347-49AC-AC77-EA19F3962892}.Release|Any CPU.Build.0 = Release|Any CPU
		{8158283F-815D-4AE6-9D4E-BBC4809DC6DB}.Debug|Any CPU.ActiveCfg = Debug|Any CPU
		{8158283F-815D-4AE6-9D4E-BBC4809DC6DB}.Debug|Any CPU.Build.0 = Debug|Any CPU
		{8158283F-815D-4AE6-9D4E-BBC4809DC6DB}.Release|Any CPU.ActiveCfg = Release|Any CPU
		{8158283F-815D-4AE6-9D4E-BBC4809DC6DB}.Release|Any CPU.Build.0 = Release|Any CPU
		{1AC9FBB9-3831-4FB5-9DB6-23E59B9DC335}.Debug|Any CPU.ActiveCfg = Debug|Any CPU
		{1AC9FBB9-3831-4FB5-9DB6-23E59B9DC335}.Debug|Any CPU.Build.0 = Debug|Any CPU
		{1AC9FBB9-3831-4FB5-9DB6-23E59B9DC335}.Release|Any CPU.ActiveCfg = Release|Any CPU
		{1AC9FBB9-3831-4FB5-9DB6-23E59B9DC335}.Release|Any CPU.Build.0 = Release|Any CPU
	EndGlobalSection
	GlobalSection(SolutionProperties) = preSolution
		HideSolutionNode = FALSE
	EndGlobalSection
EndGlobal
